// !$*UTF8*$!
{
	archiveVersion = 1;
	classes = {
	};
	objectVersion = 46;
	objects = {

/* Begin PBXBuildFile section */
		C7A4D1CDABC3774AFD63B604 /* Pods_firstFullApp_Weather.framework in Frameworks */ = {isa = PBXBuildFile; fileRef = 2554E82B74ECF16B4DF20628 /* Pods_firstFullApp_Weather.framework */; };
		FB0A28CD1F5049B00061EADA /* AnimatedWeatherViewController.swift in Sources */ = {isa = PBXBuildFile; fileRef = FB0A28CC1F5049B00061EADA /* AnimatedWeatherViewController.swift */; };
		FB19F1401F4E8C8500A0BB3C /* WeatherDataModel.swift in Sources */ = {isa = PBXBuildFile; fileRef = FB19F13F1F4E8C8500A0BB3C /* WeatherDataModel.swift */; };
		FB2A4B1E1F584D1E00DB6EAF /* Franklin M54.ttf in Resources */ = {isa = PBXBuildFile; fileRef = FB2A4B1D1F584D1E00DB6EAF /* Franklin M54.ttf */; };
		FB77814D1F46267600E88572 /* AppDelegate.swift in Sources */ = {isa = PBXBuildFile; fileRef = FB77814C1F46267600E88572 /* AppDelegate.swift */; };
		FB77814F1F46267600E88572 /* MainViewController.swift in Sources */ = {isa = PBXBuildFile; fileRef = FB77814E1F46267600E88572 /* MainViewController.swift */; };
		FB7781521F46267600E88572 /* Main.storyboard in Resources */ = {isa = PBXBuildFile; fileRef = FB7781501F46267600E88572 /* Main.storyboard */; };
		FB7781541F46267600E88572 /* Assets.xcassets in Resources */ = {isa = PBXBuildFile; fileRef = FB7781531F46267600E88572 /* Assets.xcassets */; };
		FB7781571F46267600E88572 /* LaunchScreen.storyboard in Resources */ = {isa = PBXBuildFile; fileRef = FB7781551F46267600E88572 /* LaunchScreen.storyboard */; };
		FBE7048F1F6C8E6C00E8B0D6 /* NoConnectionView.xib in Resources */ = {isa = PBXBuildFile; fileRef = FBE7048E1F6C8E6C00E8B0D6 /* NoConnectionView.xib */; };
		FBE704911F6C983000E8B0D6 /* NoConnectionView.swift in Sources */ = {isa = PBXBuildFile; fileRef = FBE704901F6C983000E8B0D6 /* NoConnectionView.swift */; };
		FBE782231F58C89300BC8789 /* ChangeCityViewController.swift in Sources */ = {isa = PBXBuildFile; fileRef = FBE782221F58C89300BC8789 /* ChangeCityViewController.swift */; };
		FBE782301F5EE64700BC8789 /* ExpandingViewTransition.swift in Sources */ = {isa = PBXBuildFile; fileRef = FBE7822F1F5EE64700BC8789 /* ExpandingViewTransition.swift */; };
		FBE782321F5EE6C000BC8789 /* ExpandingViewTransitionAnimatorPresent.swift in Sources */ = {isa = PBXBuildFile; fileRef = FBE782311F5EE6C000BC8789 /* ExpandingViewTransitionAnimatorPresent.swift */; };
/* End PBXBuildFile section */

/* Begin PBXFileReference section */
		0A2655B3772EEF3368B5FDB3 /* Pods-firstFullApp_Weather.release.xcconfig */ = {isa = PBXFileReference; includeInIndex = 1; lastKnownFileType = text.xcconfig; name = "Pods-firstFullApp_Weather.release.xcconfig"; path = "Pods/Target Support Files/Pods-firstFullApp_Weather/Pods-firstFullApp_Weather.release.xcconfig"; sourceTree = "<group>"; };
		2554E82B74ECF16B4DF20628 /* Pods_firstFullApp_Weather.framework */ = {isa = PBXFileReference; explicitFileType = wrapper.framework; includeInIndex = 0; path = Pods_firstFullApp_Weather.framework; sourceTree = BUILT_PRODUCTS_DIR; };
		35B26074DDC4429C7CA6AFD3 /* Pods-firstFullApp_Weather.debug.xcconfig */ = {isa = PBXFileReference; includeInIndex = 1; lastKnownFileType = text.xcconfig; name = "Pods-firstFullApp_Weather.debug.xcconfig"; path = "Pods/Target Support Files/Pods-firstFullApp_Weather/Pods-firstFullApp_Weather.debug.xcconfig"; sourceTree = "<group>"; };
		FB0A28CC1F5049B00061EADA /* AnimatedWeatherViewController.swift */ = {isa = PBXFileReference; fileEncoding = 4; lastKnownFileType = sourcecode.swift; path = AnimatedWeatherViewController.swift; sourceTree = "<group>"; };
		FB19F13F1F4E8C8500A0BB3C /* WeatherDataModel.swift */ = {isa = PBXFileReference; fileEncoding = 4; lastKnownFileType = sourcecode.swift; path = WeatherDataModel.swift; sourceTree = "<group>"; };
		FB2A4B191F57A96400DB6EAF /* The_Tribal_Box_demo-font-FFP.ttf */ = {isa = PBXFileReference; lastKnownFileType = file; path = "The_Tribal_Box_demo-font-FFP.ttf"; sourceTree = "<group>"; };
		FB2A4B1B1F57AA9500DB6EAF /* The_Juke_Box-FFP.ttf */ = {isa = PBXFileReference; lastKnownFileType = file; path = "The_Juke_Box-FFP.ttf"; sourceTree = "<group>"; };
		FB2A4B1D1F584D1E00DB6EAF /* Franklin M54.ttf */ = {isa = PBXFileReference; lastKnownFileType = file; path = "Franklin M54.ttf"; sourceTree = "<group>"; };
		FB7781491F46267600E88572 /* firstFullApp_Weather.app */ = {isa = PBXFileReference; explicitFileType = wrapper.application; includeInIndex = 0; path = firstFullApp_Weather.app; sourceTree = BUILT_PRODUCTS_DIR; };
		FB77814C1F46267600E88572 /* AppDelegate.swift */ = {isa = PBXFileReference; lastKnownFileType = sourcecode.swift; path = AppDelegate.swift; sourceTree = "<group>"; };
		FB77814E1F46267600E88572 /* MainViewController.swift */ = {isa = PBXFileReference; lastKnownFileType = sourcecode.swift; path = MainViewController.swift; sourceTree = "<group>"; };
		FB7781511F46267600E88572 /* Base */ = {isa = PBXFileReference; lastKnownFileType = file.storyboard; name = Base; path = Base.lproj/Main.storyboard; sourceTree = "<group>"; };
		FB7781531F46267600E88572 /* Assets.xcassets */ = {isa = PBXFileReference; lastKnownFileType = folder.assetcatalog; path = Assets.xcassets; sourceTree = "<group>"; };
		FB7781561F46267600E88572 /* Base */ = {isa = PBXFileReference; lastKnownFileType = file.storyboard; name = Base; path = Base.lproj/LaunchScreen.storyboard; sourceTree = "<group>"; };
		FB7781581F46267600E88572 /* Info.plist */ = {isa = PBXFileReference; lastKnownFileType = text.plist.xml; path = Info.plist; sourceTree = "<group>"; };
		FBE7048E1F6C8E6C00E8B0D6 /* NoConnectionView.xib */ = {isa = PBXFileReference; lastKnownFileType = file.xib; path = NoConnectionView.xib; sourceTree = "<group>"; };
		FBE704901F6C983000E8B0D6 /* NoConnectionView.swift */ = {isa = PBXFileReference; lastKnownFileType = sourcecode.swift; path = NoConnectionView.swift; sourceTree = "<group>"; };
		FBE782221F58C89300BC8789 /* ChangeCityViewController.swift */ = {isa = PBXFileReference; fileEncoding = 4; lastKnownFileType = sourcecode.swift; path = ChangeCityViewController.swift; sourceTree = "<group>"; };
		FBE7822F1F5EE64700BC8789 /* ExpandingViewTransition.swift */ = {isa = PBXFileReference; fileEncoding = 4; lastKnownFileType = sourcecode.swift; path = ExpandingViewTransition.swift; sourceTree = "<group>"; };
		FBE782311F5EE6C000BC8789 /* ExpandingViewTransitionAnimatorPresent.swift */ = {isa = PBXFileReference; fileEncoding = 4; lastKnownFileType = sourcecode.swift; path = ExpandingViewTransitionAnimatorPresent.swift; sourceTree = "<group>"; };
/* End PBXFileReference section */

/* Begin PBXFrameworksBuildPhase section */
		FB7781461F46267600E88572 /* Frameworks */ = {
			isa = PBXFrameworksBuildPhase;
			buildActionMask = 2147483647;
			files = (
				C7A4D1CDABC3774AFD63B604 /* Pods_firstFullApp_Weather.framework in Frameworks */,
			);
			runOnlyForDeploymentPostprocessing = 0;
		};
/* End PBXFrameworksBuildPhase section */

/* Begin PBXGroup section */
		2581CEBE5D83DA63DB74025A /* Pods */ = {
			isa = PBXGroup;
			children = (
				35B26074DDC4429C7CA6AFD3 /* Pods-firstFullApp_Weather.debug.xcconfig */,
				0A2655B3772EEF3368B5FDB3 /* Pods-firstFullApp_Weather.release.xcconfig */,
			);
			name = Pods;
			sourceTree = "<group>";
		};
		F6840138236C4AC35BAC35E4 /* Frameworks */ = {
			isa = PBXGroup;
			children = (
				2554E82B74ECF16B4DF20628 /* Pods_firstFullApp_Weather.framework */,
			);
			name = Frameworks;
			sourceTree = "<group>";
		};
		FB19F13E1F4E8C7000A0BB3C /* Model */ = {
			isa = PBXGroup;
			children = (
				FB19F13F1F4E8C8500A0BB3C /* WeatherDataModel.swift */,
			);
			name = Model;
			sourceTree = "<group>";
		};
		FB66E1DB1F47BD5500A6CCB6 /* View */ = {
			isa = PBXGroup;
			children = (
				FB7781551F46267600E88572 /* LaunchScreen.storyboard */,
				FB7781501F46267600E88572 /* Main.storyboard */,
				FBE7048E1F6C8E6C00E8B0D6 /* NoConnectionView.xib */,
				FBE704901F6C983000E8B0D6 /* NoConnectionView.swift */,
			);
			name = View;
			sourceTree = "<group>";
		};
		FB66E1DC1F47BD6A00A6CCB6 /* Controller */ = {
			isa = PBXGroup;
			children = (
				FBE782221F58C89300BC8789 /* ChangeCityViewController.swift */,
				FB77814E1F46267600E88572 /* MainViewController.swift */,
				FB0A28CC1F5049B00061EADA /* AnimatedWeatherViewController.swift */,
			);
			name = Controller;
			sourceTree = "<group>";
		};
		FB7781401F46267500E88572 = {
			isa = PBXGroup;
			children = (
				FB2A4B1D1F584D1E00DB6EAF /* Franklin M54.ttf */,
				FB2A4B1B1F57AA9500DB6EAF /* The_Juke_Box-FFP.ttf */,
				FB2A4B191F57A96400DB6EAF /* The_Tribal_Box_demo-font-FFP.ttf */,
				FB77814B1F46267600E88572 /* firstFullApp_Weather */,
				FB77814A1F46267600E88572 /* Products */,
				2581CEBE5D83DA63DB74025A /* Pods */,
				F6840138236C4AC35BAC35E4 /* Frameworks */,
			);
			sourceTree = "<group>";
		};
		FB77814A1F46267600E88572 /* Products */ = {
			isa = PBXGroup;
			children = (
				FB7781491F46267600E88572 /* firstFullApp_Weather.app */,
			);
			name = Products;
			sourceTree = "<group>";
		};
		FB77814B1F46267600E88572 /* firstFullApp_Weather */ = {
			isa = PBXGroup;
			children = (
				FBE7822E1F5EE62600BC8789 /* Transition */,
				FB19F13E1F4E8C7000A0BB3C /* Model */,
				FB66E1DC1F47BD6A00A6CCB6 /* Controller */,
				FB66E1DB1F47BD5500A6CCB6 /* View */,
				FB7781531F46267600E88572 /* Assets.xcassets */,
				FB77814C1F46267600E88572 /* AppDelegate.swift */,
				FB7781581F46267600E88572 /* Info.plist */,
			);
			path = firstFullApp_Weather;
			sourceTree = "<group>";
		};
		FBE7822E1F5EE62600BC8789 /* Transition */ = {
			isa = PBXGroup;
			children = (
				FBE7822F1F5EE64700BC8789 /* ExpandingViewTransition.swift */,
				FBE782311F5EE6C000BC8789 /* ExpandingViewTransitionAnimatorPresent.swift */,
			);
			name = Transition;
			sourceTree = "<group>";
		};
/* End PBXGroup section */

/* Begin PBXNativeTarget section */
		FB7781481F46267600E88572 /* firstFullApp_Weather */ = {
			isa = PBXNativeTarget;
			buildConfigurationList = FB77815B1F46267600E88572 /* Build configuration list for PBXNativeTarget "firstFullApp_Weather" */;
			buildPhases = (
				18FAA7CFAD6AF7E4F0F3DB62 /* [CP] Check Pods Manifest.lock */,
				FB7781451F46267600E88572 /* Sources */,
				FB7781461F46267600E88572 /* Frameworks */,
				FB7781471F46267600E88572 /* Resources */,
				241F675D38C4AC735D7B447C /* [CP] Embed Pods Frameworks */,
				3D68573B8BB327DDDEC77960 /* [CP] Copy Pods Resources */,
			);
			buildRules = (
			);
			dependencies = (
			);
			name = firstFullApp_Weather;
			productName = firstFullApp_Weather;
			productReference = FB7781491F46267600E88572 /* firstFullApp_Weather.app */;
			productType = "com.apple.product-type.application";
		};
/* End PBXNativeTarget section */

/* Begin PBXProject section */
		FB7781411F46267500E88572 /* Project object */ = {
			isa = PBXProject;
			attributes = {
				LastSwiftUpdateCheck = 0830;
				LastUpgradeCheck = 0830;
				ORGANIZATIONNAME = "Alex Stevens";
				TargetAttributes = {
					FB7781481F46267600E88572 = {
						CreatedOnToolsVersion = 8.3.2;
						DevelopmentTeam = C7HGN23NTW;
						ProvisioningStyle = Automatic;
					};
				};
			};
			buildConfigurationList = FB7781441F46267500E88572 /* Build configuration list for PBXProject "firstFullApp_Weather" */;
			compatibilityVersion = "Xcode 3.2";
			developmentRegion = English;
			hasScannedForEncodings = 0;
			knownRegions = (
				en,
				Base,
			);
			mainGroup = FB7781401F46267500E88572;
			productRefGroup = FB77814A1F46267600E88572 /* Products */;
			projectDirPath = "";
			projectRoot = "";
			targets = (
				FB7781481F46267600E88572 /* firstFullApp_Weather */,
			);
		};
/* End PBXProject section */

/* Begin PBXResourcesBuildPhase section */
		FB7781471F46267600E88572 /* Resources */ = {
			isa = PBXResourcesBuildPhase;
			buildActionMask = 2147483647;
			files = (
				FBE7048F1F6C8E6C00E8B0D6 /* NoConnectionView.xib in Resources */,
				FB2A4B1E1F584D1E00DB6EAF /* Franklin M54.ttf in Resources */,
				FB7781571F46267600E88572 /* LaunchScreen.storyboard in Resources */,
				FB7781541F46267600E88572 /* Assets.xcassets in Resources */,
				FB7781521F46267600E88572 /* Main.storyboard in Resources */,
			);
			runOnlyForDeploymentPostprocessing = 0;
		};
/* End PBXResourcesBuildPhase section */

/* Begin PBXShellScriptBuildPhase section */
		18FAA7CFAD6AF7E4F0F3DB62 /* [CP] Check Pods Manifest.lock */ = {
			isa = PBXShellScriptBuildPhase;
			buildActionMask = 2147483647;
			files = (
			);
			inputPaths = (
				"${PODS_PODFILE_DIR_PATH}/Podfile.lock",
				"${PODS_ROOT}/Manifest.lock",
			);
			name = "[CP] Check Pods Manifest.lock";
			outputPaths = (
				"$(DERIVED_FILE_DIR)/Pods-firstFullApp_Weather-checkManifestLockResult.txt",
			);
			runOnlyForDeploymentPostprocessing = 0;
			shellPath = /bin/sh;
			shellScript = "diff \"${PODS_PODFILE_DIR_PATH}/Podfile.lock\" \"${PODS_ROOT}/Manifest.lock\" > /dev/null\nif [ $? != 0 ] ; then\n    # print error to STDERR\n    echo \"error: The sandbox is not in sync with the Podfile.lock. Run 'pod install' or update your CocoaPods installation.\" >&2\n    exit 1\nfi\n# This output is used by Xcode 'outputs' to avoid re-running this script phase.\necho \"SUCCESS\" > \"${SCRIPT_OUTPUT_FILE_0}\"\n";
			showEnvVarsInLog = 0;
		};
		241F675D38C4AC735D7B447C /* [CP] Embed Pods Frameworks */ = {
			isa = PBXShellScriptBuildPhase;
			buildActionMask = 2147483647;
			files = (
			);
			inputPaths = (
				"${SRCROOT}/Pods/Target Support Files/Pods-firstFullApp_Weather/Pods-firstFullApp_Weather-frameworks.sh",
				"${BUILT_PRODUCTS_DIR}/Alamofire/Alamofire.framework",
				"${BUILT_PRODUCTS_DIR}/SVProgressHUD/SVProgressHUD.framework",
				"${BUILT_PRODUCTS_DIR}/SwiftyJSON/SwiftyJSON.framework",
			);
			name = "[CP] Embed Pods Frameworks";
			outputPaths = (
				"${TARGET_BUILD_DIR}/${FRAMEWORKS_FOLDER_PATH}/Alamofire.framework",
				"${TARGET_BUILD_DIR}/${FRAMEWORKS_FOLDER_PATH}/SVProgressHUD.framework",
				"${TARGET_BUILD_DIR}/${FRAMEWORKS_FOLDER_PATH}/SwiftyJSON.framework",
			);
			runOnlyForDeploymentPostprocessing = 0;
			shellPath = /bin/sh;
			shellScript = "\"${SRCROOT}/Pods/Target Support Files/Pods-firstFullApp_Weather/Pods-firstFullApp_Weather-frameworks.sh\"\n";
			showEnvVarsInLog = 0;
		};
		3D68573B8BB327DDDEC77960 /* [CP] Copy Pods Resources */ = {
			isa = PBXShellScriptBuildPhase;
			buildActionMask = 2147483647;
			files = (
			);
			inputPaths = (
			);
			name = "[CP] Copy Pods Resources";
			outputPaths = (
			);
			runOnlyForDeploymentPostprocessing = 0;
			shellPath = /bin/sh;
			shellScript = "\"${SRCROOT}/Pods/Target Support Files/Pods-firstFullApp_Weather/Pods-firstFullApp_Weather-resources.sh\"\n";
			showEnvVarsInLog = 0;
		};
/* End PBXShellScriptBuildPhase section */

/* Begin PBXSourcesBuildPhase section */
		FB7781451F46267600E88572 /* Sources */ = {
			isa = PBXSourcesBuildPhase;
			buildActionMask = 2147483647;
			files = (
				FB0A28CD1F5049B00061EADA /* AnimatedWeatherViewController.swift in Sources */,
				FBE704911F6C983000E8B0D6 /* NoConnectionView.swift in Sources */,
				FB77814F1F46267600E88572 /* MainViewController.swift in Sources */,
				FBE782301F5EE64700BC8789 /* ExpandingViewTransition.swift in Sources */,
				FBE782321F5EE6C000BC8789 /* ExpandingViewTransitionAnimatorPresent.swift in Sources */,
				FB77814D1F46267600E88572 /* AppDelegate.swift in Sources */,
				FB19F1401F4E8C8500A0BB3C /* WeatherDataModel.swift in Sources */,
				FBE782231F58C89300BC8789 /* ChangeCityViewController.swift in Sources */,
			);
			runOnlyForDeploymentPostprocessing = 0;
		};
/* End PBXSourcesBuildPhase section */

/* Begin PBXVariantGroup section */
		FB7781501F46267600E88572 /* Main.storyboard */ = {
			isa = PBXVariantGroup;
			children = (
				FB7781511F46267600E88572 /* Base */,
			);
			name = Main.storyboard;
			sourceTree = "<group>";
		};
		FB7781551F46267600E88572 /* LaunchScreen.storyboard */ = {
			isa = PBXVariantGroup;
			children = (
				FB7781561F46267600E88572 /* Base */,
			);
			name = LaunchScreen.storyboard;
			sourceTree = "<group>";
		};
/* End PBXVariantGroup section */

/* Begin XCBuildConfiguration section */
		FB7781591F46267600E88572 /* Debug */ = {
			isa = XCBuildConfiguration;
			buildSettings = {
				ALWAYS_SEARCH_USER_PATHS = NO;
				CLANG_ANALYZER_NONNULL = YES;
				CLANG_ANALYZER_NUMBER_OBJECT_CONVERSION = YES_AGGRESSIVE;
				CLANG_CXX_LANGUAGE_STANDARD = "gnu++0x";
				CLANG_CXX_LIBRARY = "libc++";
				CLANG_ENABLE_MODULES = YES;
				CLANG_ENABLE_OBJC_ARC = YES;
				CLANG_WARN_BOOL_CONVERSION = YES;
				CLANG_WARN_CONSTANT_CONVERSION = YES;
				CLANG_WARN_DIRECT_OBJC_ISA_USAGE = YES_ERROR;
				CLANG_WARN_DOCUMENTATION_COMMENTS = YES;
				CLANG_WARN_EMPTY_BODY = YES;
				CLANG_WARN_ENUM_CONVERSION = YES;
				CLANG_WARN_INFINITE_RECURSION = YES;
				CLANG_WARN_INT_CONVERSION = YES;
				CLANG_WARN_OBJC_ROOT_CLASS = YES_ERROR;
				CLANG_WARN_SUSPICIOUS_MOVE = YES;
				CLANG_WARN_UNREACHABLE_CODE = YES;
				CLANG_WARN__DUPLICATE_METHOD_MATCH = YES;
				"CODE_SIGN_IDENTITY[sdk=iphoneos*]" = "iPhone Developer";
				COPY_PHASE_STRIP = NO;
				DEBUG_INFORMATION_FORMAT = dwarf;
				ENABLE_STRICT_OBJC_MSGSEND = YES;
				ENABLE_TESTABILITY = YES;
				GCC_C_LANGUAGE_STANDARD = gnu99;
				GCC_DYNAMIC_NO_PIC = NO;
				GCC_NO_COMMON_BLOCKS = YES;
				GCC_OPTIMIZATION_LEVEL = 0;
				GCC_PREPROCESSOR_DEFINITIONS = (
					"DEBUG=1",
					"$(inherited)",
				);
				GCC_WARN_64_TO_32_BIT_CONVERSION = YES;
				GCC_WARN_ABOUT_RETURN_TYPE = YES_ERROR;
				GCC_WARN_UNDECLARED_SELECTOR = YES;
				GCC_WARN_UNINITIALIZED_AUTOS = YES_AGGRESSIVE;
				GCC_WARN_UNUSED_FUNCTION = YES;
				GCC_WARN_UNUSED_VARIABLE = YES;
				IPHONEOS_DEPLOYMENT_TARGET = 10.3;
				MTL_ENABLE_DEBUG_INFO = YES;
				ONLY_ACTIVE_ARCH = YES;
				SDKROOT = iphoneos;
				SWIFT_ACTIVE_COMPILATION_CONDITIONS = DEBUG;
				SWIFT_OPTIMIZATION_LEVEL = "-Onone";
			};
			name = Debug;
		};
		FB77815A1F46267600E88572 /* Release */ = {
			isa = XCBuildConfiguration;
			buildSettings = {
				ALWAYS_SEARCH_USER_PATHS = NO;
				CLANG_ANALYZER_NONNULL = YES;
				CLANG_ANALYZER_NUMBER_OBJECT_CONVERSION = YES_AGGRESSIVE;
				CLANG_CXX_LANGUAGE_STANDARD = "gnu++0x";
				CLANG_CXX_LIBRARY = "libc++";
				CLANG_ENABLE_MODULES = YES;
				CLANG_ENABLE_OBJC_ARC = YES;
				CLANG_WARN_BOOL_CONVERSION = YES;
				CLANG_WARN_CONSTANT_CONVERSION = YES;
				CLANG_WARN_DIRECT_OBJC_ISA_USAGE = YES_ERROR;
				CLANG_WARN_DOCUMENTATION_COMMENTS = YES;
				CLANG_WARN_EMPTY_BODY = YES;
				CLANG_WARN_ENUM_CONVERSION = YES;
				CLANG_WARN_INFINITE_RECURSION = YES;
				CLANG_WARN_INT_CONVERSION = YES;
				CLANG_WARN_OBJC_ROOT_CLASS = YES_ERROR;
				CLANG_WARN_SUSPICIOUS_MOVE = YES;
				CLANG_WARN_UNREACHABLE_CODE = YES;
				CLANG_WARN__DUPLICATE_METHOD_MATCH = YES;
				"CODE_SIGN_IDENTITY[sdk=iphoneos*]" = "iPhone Developer";
				COPY_PHASE_STRIP = NO;
				DEBUG_INFORMATION_FORMAT = "dwarf-with-dsym";
				ENABLE_NS_ASSERTIONS = NO;
				ENABLE_STRICT_OBJC_MSGSEND = YES;
				GCC_C_LANGUAGE_STANDARD = gnu99;
				GCC_NO_COMMON_BLOCKS = YES;
				GCC_WARN_64_TO_32_BIT_CONVERSION = YES;
				GCC_WARN_ABOUT_RETURN_TYPE = YES_ERROR;
				GCC_WARN_UNDECLARED_SELECTOR = YES;
				GCC_WARN_UNINITIALIZED_AUTOS = YES_AGGRESSIVE;
				GCC_WARN_UNUSED_FUNCTION = YES;
				GCC_WARN_UNUSED_VARIABLE = YES;
				IPHONEOS_DEPLOYMENT_TARGET = 10.3;
				MTL_ENABLE_DEBUG_INFO = NO;
				SDKROOT = iphoneos;
				SWIFT_OPTIMIZATION_LEVEL = "-Owholemodule";
				VALIDATE_PRODUCT = YES;
			};
			name = Release;
		};
		FB77815C1F46267600E88572 /* Debug */ = {
			isa = XCBuildConfiguration;
			baseConfigurationReference = 35B26074DDC4429C7CA6AFD3 /* Pods-firstFullApp_Weather.debug.xcconfig */;
			buildSettings = {
				ASSETCATALOG_COMPILER_APPICON_NAME = AppIcon;
				"CODE_SIGN_IDENTITY[sdk=iphoneos*]" = "iPhone Developer";
				DEVELOPMENT_TEAM = C7HGN23NTW;
				INFOPLIST_FILE = firstFullApp_Weather/Info.plist;
				IPHONEOS_DEPLOYMENT_TARGET = 10.3;
				LD_RUNPATH_SEARCH_PATHS = "$(inherited) @executable_path/Frameworks";
				PRODUCT_BUNDLE_IDENTIFIER = "com.AlexStevens.firstFullApp-Weather";
				PRODUCT_NAME = "$(TARGET_NAME)";
				PROVISIONING_PROFILE_SPECIFIER = "";
				SWIFT_VERSION = 3.0;
			};
			name = Debug;
		};
		FB77815D1F46267600E88572 /* Release */ = {
			isa = XCBuildConfiguration;
			baseConfigurationReference = 0A2655B3772EEF3368B5FDB3 /* Pods-firstFullApp_Weather.release.xcconfig */;
			buildSettings = {
				ASSETCATALOG_COMPILER_APPICON_NAME = AppIcon;
				"CODE_SIGN_IDENTITY[sdk=iphoneos*]" = "iPhone Developer";
				DEVELOPMENT_TEAM = C7HGN23NTW;
				INFOPLIST_FILE = firstFullApp_Weather/Info.plist;
				IPHONEOS_DEPLOYMENT_TARGET = 10.3;
				LD_RUNPATH_SEARCH_PATHS = "$(inherited) @executable_path/Frameworks";
				PRODUCT_BUNDLE_IDENTIFIER = "com.AlexStevens.firstFullApp-Weather";
				PRODUCT_NAME = "$(TARGET_NAME)";
				PROVISIONING_PROFILE_SPECIFIER = "";
				SWIFT_VERSION = 3.0;
			};
			name = Release;
		};
/* End XCBuildConfiguration section */

/* Begin XCConfigurationList section */
		FB7781441F46267500E88572 /* Build configuration list for PBXProject "firstFullApp_Weather" */ = {
			isa = XCConfigurationList;
			buildConfigurations = (
				FB7781591F46267600E88572 /* Debug */,
				FB77815A1F46267600E88572 /* Release */,
			);
			defaultConfigurationIsVisible = 0;
			defaultConfigurationName = Release;
		};
		FB77815B1F46267600E88572 /* Build configuration list for PBXNativeTarget "firstFullApp_Weather" */ = {
			isa = XCConfigurationList;
			buildConfigurations = (
				FB77815C1F46267600E88572 /* Debug */,
				FB77815D1F46267600E88572 /* Release */,
			);
			defaultConfigurationIsVisible = 0;
			defaultConfigurationName = Release;
		};
/* End XCConfigurationList section */
	};
	rootObject = FB7781411F46267500E88572 /* Project object */;
}
